
Microsoft Visual Studio Solution File, Format Version 12.00
Project("{FAE04EC0-301F-11D3-BF4B-00C04F79EFBC}") = "EventSourcing.Contracts", "EventSourcing.Contracts\EventSourcing.Contracts.csproj", "{D86FE5E3-8A40-4E95-ADB4-2A361E413B03}"
EndProject
Project("{FAE04EC0-301F-11D3-BF4B-00C04F79EFBC}") = "EventSourcing.RocksDb", "Infrastructure\EventSourcing.RocksDb\EventSourcing.RocksDb.csproj", "{8A36AED1-D124-4D72-8C31-0B3CE6F17E4F}"
EndProject
Project("{FAE04EC0-301F-11D3-BF4B-00C04F79EFBC}") = "EventSourcing.Kafka", "Infrastructure\EventSourcing.Kafka\EventSourcing.Kafka.csproj", "{3B1779F3-F6A2-4BD3-A05A-0A880DDDEECE}"
EndProject
Project("{FAE04EC0-301F-11D3-BF4B-00C04F79EFBC}") = "EventSourcing.GraphqlGateway", "EventSourcing.GraphqlGateway\EventSourcing.GraphqlGateway.csproj", "{E1896BAE-92E4-4FE2-B5AF-8D64FFE45694}"
EndProject
Project("{2150E333-8FDC-42A3-9474-1A3956D46DE8}") = "Microservices", "Microservices", "{8B195ACA-06FF-4B11-AFED-9AF9FB097928}"
EndProject
Project("{FAE04EC0-301F-11D3-BF4B-00C04F79EFBC}") = "EventSourcing.VehicleWriteService", "Microservices\EventSourcing.VehicleWriteService\EventSourcing.VehicleWriteService.csproj", "{A1AD5A8B-1CEB-461E-A22D-9643CDC181E3}"
EndProject
Project("{FAE04EC0-301F-11D3-BF4B-00C04F79EFBC}") = "EventSourcing.LocationReadService", "Microservices\EventSourcing.LocationReadService\EventSourcing.LocationReadService.csproj", "{50A31B2D-CFAB-40F1-81A6-4B608137898A}"
EndProject
Project("{FAE04EC0-301F-11D3-BF4B-00C04F79EFBC}") = "EventSourcing.LocationWriteService", "Microservices\EventSourcing.LocationWriteService\EventSourcing.LocationWriteService.csproj", "{010A1723-D794-4EF8-BB15-53B1FBF04368}"
EndProject
Project("{FAE04EC0-301F-11D3-BF4B-00C04F79EFBC}") = "EventSourcing.VehicleReadService", "Microservices\EventSourcing.VehicleReadService\EventSourcing.VehicleReadService.csproj", "{310D8712-E4C0-4069-82BE-4FB036AD1B19}"
EndProject
Project("{2150E333-8FDC-42A3-9474-1A3956D46DE8}") = "Infrastructure", "Infrastructure", "{14533C75-A080-4C79-9299-BDD3E7050E5A}"
EndProject
Project("{FAE04EC0-301F-11D3-BF4B-00C04F79EFBC}") = "EventSourcing.RealmDb", "Infrastructure\EventSourcing.RealmDb\EventSourcing.RealmDb.csproj", "{C66E43CE-AF33-404C-8926-D9B0752ACD20}"
EndProject
Project("{FAE04EC0-301F-11D3-BF4B-00C04F79EFBC}") = "EventSourcing.KSQL", "Infrastructure\EventSourcing.KSQL\EventSourcing.KSQL.csproj", "{ED436D2C-2EF1-4C02-9FC7-9088F5A33A8C}"
EndProject
Project("{2150E333-8FDC-42A3-9474-1A3956D46DE8}") = "Location", "Location", "{55BCA7A1-FAF7-43EC-9381-D16624170FE2}"
EndProject
Project("{2150E333-8FDC-42A3-9474-1A3956D46DE8}") = "Vehicle", "Vehicle", "{C5E04AE6-3C7D-407C-9D13-44F9E0596505}"
EndProject
Project("{2150E333-8FDC-42A3-9474-1A3956D46DE8}") = "Lock", "Lock", "{EAF9CA8F-D4C5-41C5-A9F9-5CB826A0461D}"
EndProject
Project("{FAE04EC0-301F-11D3-BF4B-00C04F79EFBC}") = "EventSourcing.LockReadService", "Microservices\EventSourcing.LockReadService\EventSourcing.LockReadService.csproj", "{84327229-FF7F-4EC4-A975-3FCE4A7E5E46}"
EndProject
Project("{FAE04EC0-301F-11D3-BF4B-00C04F79EFBC}") = "EventSourcing.LockWriteService", "Microservices\EventSourcing.LockWriteService\EventSourcing.LockWriteService.csproj", "{74DF1B97-6584-4E51-BACA-E3FC69ABDC07}"
EndProject
Global
	GlobalSection(SolutionConfigurationPlatforms) = preSolution
		Debug|Any CPU = Debug|Any CPU
		Release|Any CPU = Release|Any CPU
	EndGlobalSection
	GlobalSection(ProjectConfigurationPlatforms) = postSolution
		{D86FE5E3-8A40-4E95-ADB4-2A361E413B03}.Debug|Any CPU.ActiveCfg = Debug|Any CPU
		{D86FE5E3-8A40-4E95-ADB4-2A361E413B03}.Debug|Any CPU.Build.0 = Debug|Any CPU
		{D86FE5E3-8A40-4E95-ADB4-2A361E413B03}.Release|Any CPU.ActiveCfg = Release|Any CPU
		{D86FE5E3-8A40-4E95-ADB4-2A361E413B03}.Release|Any CPU.Build.0 = Release|Any CPU
		{8A36AED1-D124-4D72-8C31-0B3CE6F17E4F}.Debug|Any CPU.ActiveCfg = Debug|Any CPU
		{8A36AED1-D124-4D72-8C31-0B3CE6F17E4F}.Debug|Any CPU.Build.0 = Debug|Any CPU
		{8A36AED1-D124-4D72-8C31-0B3CE6F17E4F}.Release|Any CPU.ActiveCfg = Release|Any CPU
		{8A36AED1-D124-4D72-8C31-0B3CE6F17E4F}.Release|Any CPU.Build.0 = Release|Any CPU
		{3B1779F3-F6A2-4BD3-A05A-0A880DDDEECE}.Debug|Any CPU.ActiveCfg = Debug|Any CPU
		{3B1779F3-F6A2-4BD3-A05A-0A880DDDEECE}.Debug|Any CPU.Build.0 = Debug|Any CPU
		{3B1779F3-F6A2-4BD3-A05A-0A880DDDEECE}.Release|Any CPU.ActiveCfg = Release|Any CPU
		{3B1779F3-F6A2-4BD3-A05A-0A880DDDEECE}.Release|Any CPU.Build.0 = Release|Any CPU
		{E1896BAE-92E4-4FE2-B5AF-8D64FFE45694}.Debug|Any CPU.ActiveCfg = Debug|Any CPU
		{E1896BAE-92E4-4FE2-B5AF-8D64FFE45694}.Debug|Any CPU.Build.0 = Debug|Any CPU
		{E1896BAE-92E4-4FE2-B5AF-8D64FFE45694}.Release|Any CPU.ActiveCfg = Release|Any CPU
		{E1896BAE-92E4-4FE2-B5AF-8D64FFE45694}.Release|Any CPU.Build.0 = Release|Any CPU
		{A1AD5A8B-1CEB-461E-A22D-9643CDC181E3}.Debug|Any CPU.ActiveCfg = Debug|Any CPU
		{A1AD5A8B-1CEB-461E-A22D-9643CDC181E3}.Debug|Any CPU.Build.0 = Debug|Any CPU
		{A1AD5A8B-1CEB-461E-A22D-9643CDC181E3}.Release|Any CPU.ActiveCfg = Release|Any CPU
		{A1AD5A8B-1CEB-461E-A22D-9643CDC181E3}.Release|Any CPU.Build.0 = Release|Any CPU
		{50A31B2D-CFAB-40F1-81A6-4B608137898A}.Debug|Any CPU.ActiveCfg = Debug|Any CPU
		{50A31B2D-CFAB-40F1-81A6-4B608137898A}.Debug|Any CPU.Build.0 = Debug|Any CPU
		{50A31B2D-CFAB-40F1-81A6-4B608137898A}.Release|Any CPU.ActiveCfg = Release|Any CPU
		{50A31B2D-CFAB-40F1-81A6-4B608137898A}.Release|Any CPU.Build.0 = Release|Any CPU
		{010A1723-D794-4EF8-BB15-53B1FBF04368}.Debug|Any CPU.ActiveCfg = Debug|Any CPU
		{010A1723-D794-4EF8-BB15-53B1FBF04368}.Debug|Any CPU.Build.0 = Debug|Any CPU
		{010A1723-D794-4EF8-BB15-53B1FBF04368}.Release|Any CPU.ActiveCfg = Release|Any CPU
		{010A1723-D794-4EF8-BB15-53B1FBF04368}.Release|Any CPU.Build.0 = Release|Any CPU
		{310D8712-E4C0-4069-82BE-4FB036AD1B19}.Debug|Any CPU.ActiveCfg = Debug|Any CPU
		{310D8712-E4C0-4069-82BE-4FB036AD1B19}.Debug|Any CPU.Build.0 = Debug|Any CPU
		{310D8712-E4C0-4069-82BE-4FB036AD1B19}.Release|Any CPU.ActiveCfg = Release|Any CPU
		{310D8712-E4C0-4069-82BE-4FB036AD1B19}.Release|Any CPU.Build.0 = Release|Any CPU
		{C66E43CE-AF33-404C-8926-D9B0752ACD20}.Debug|Any CPU.ActiveCfg = Debug|Any CPU
		{C66E43CE-AF33-404C-8926-D9B0752ACD20}.Debug|Any CPU.Build.0 = Debug|Any CPU
		{C66E43CE-AF33-404C-8926-D9B0752ACD20}.Release|Any CPU.ActiveCfg = Release|Any CPU
		{C66E43CE-AF33-404C-8926-D9B0752ACD20}.Release|Any CPU.Build.0 = Release|Any CPU
		{ED436D2C-2EF1-4C02-9FC7-9088F5A33A8C}.Debug|Any CPU.ActiveCfg = Debug|Any CPU
		{ED436D2C-2EF1-4C02-9FC7-9088F5A33A8C}.Debug|Any CPU.Build.0 = Debug|Any CPU
		{ED436D2C-2EF1-4C02-9FC7-9088F5A33A8C}.Release|Any CPU.ActiveCfg = Release|Any CPU
		{ED436D2C-2EF1-4C02-9FC7-9088F5A33A8C}.Release|Any CPU.Build.0 = Release|Any CPU
		{84327229-FF7F-4EC4-A975-3FCE4A7E5E46}.Debug|Any CPU.ActiveCfg = Debug|Any CPU
		{84327229-FF7F-4EC4-A975-3FCE4A7E5E46}.Debug|Any CPU.Build.0 = Debug|Any CPU
		{84327229-FF7F-4EC4-A975-3FCE4A7E5E46}.Release|Any CPU.ActiveCfg = Release|Any CPU
		{84327229-FF7F-4EC4-A975-3FCE4A7E5E46}.Release|Any CPU.Build.0 = Release|Any CPU
		{74DF1B97-6584-4E51-BACA-E3FC69ABDC07}.Debug|Any CPU.ActiveCfg = Debug|Any CPU
		{74DF1B97-6584-4E51-BACA-E3FC69ABDC07}.Debug|Any CPU.Build.0 = Debug|Any CPU
		{74DF1B97-6584-4E51-BACA-E3FC69ABDC07}.Release|Any CPU.ActiveCfg = Release|Any CPU
		{74DF1B97-6584-4E51-BACA-E3FC69ABDC07}.Release|Any CPU.Build.0 = Release|Any CPU
	EndGlobalSection
	GlobalSection(NestedProjects) = preSolution
		{3B1779F3-F6A2-4BD3-A05A-0A880DDDEECE} = {14533C75-A080-4C79-9299-BDD3E7050E5A}
		{8A36AED1-D124-4D72-8C31-0B3CE6F17E4F} = {14533C75-A080-4C79-9299-BDD3E7050E5A}
		{C66E43CE-AF33-404C-8926-D9B0752ACD20} = {14533C75-A080-4C79-9299-BDD3E7050E5A}
		{ED436D2C-2EF1-4C02-9FC7-9088F5A33A8C} = {14533C75-A080-4C79-9299-BDD3E7050E5A}
		{55BCA7A1-FAF7-43EC-9381-D16624170FE2} = {8B195ACA-06FF-4B11-AFED-9AF9FB097928}
		{C5E04AE6-3C7D-407C-9D13-44F9E0596505} = {8B195ACA-06FF-4B11-AFED-9AF9FB097928}
		{50A31B2D-CFAB-40F1-81A6-4B608137898A} = {55BCA7A1-FAF7-43EC-9381-D16624170FE2}
		{010A1723-D794-4EF8-BB15-53B1FBF04368} = {55BCA7A1-FAF7-43EC-9381-D16624170FE2}
		{310D8712-E4C0-4069-82BE-4FB036AD1B19} = {C5E04AE6-3C7D-407C-9D13-44F9E0596505}
		{A1AD5A8B-1CEB-461E-A22D-9643CDC181E3} = {C5E04AE6-3C7D-407C-9D13-44F9E0596505}
		{EAF9CA8F-D4C5-41C5-A9F9-5CB826A0461D} = {8B195ACA-06FF-4B11-AFED-9AF9FB097928}
		{84327229-FF7F-4EC4-A975-3FCE4A7E5E46} = {EAF9CA8F-D4C5-41C5-A9F9-5CB826A0461D}
		{74DF1B97-6584-4E51-BACA-E3FC69ABDC07} = {EAF9CA8F-D4C5-41C5-A9F9-5CB826A0461D}
	EndGlobalSection
EndGlobal
